
Microsoft Visual Studio Solution File, Format Version 12.00
# Visual Studio Version 16
VisualStudioVersion = 16.0.30128.74
MinimumVisualStudioVersion = 10.0.40219.1
Project("{FAE04EC0-301F-11D3-BF4B-00C04F79EFBC}") = "ProjNET", "ProjNET\ProjNET.csproj", "{E028BDD2-55E1-4E5F-BE31-35FAEC8D6428}"
EndProject
Project("{FAE04EC0-301F-11D3-BF4B-00C04F79EFBC}") = "ProjNET.Tests", "ProjNET.Tests\ProjNET.Tests.csproj", "{67E8C952-1F48-4DFB-9507-BD44DB6784FD}"
EndProject
Global
	GlobalSection(SolutionConfigurationPlatforms) = preSolution
		Debug|.NET = Debug|.NET
		Debug|Any CPU = Debug|Any CPU
		Debug|Mixed Platforms = Debug|Mixed Platforms
		Release|.NET = Release|.NET
		Release|Any CPU = Release|Any CPU
		Release|Mixed Platforms = Release|Mixed Platforms
	EndGlobalSection
	GlobalSection(ProjectConfigurationPlatforms) = postSolution
		{E028BDD2-55E1-4E5F-BE31-35FAEC8D6428}.Debug|.NET.ActiveCfg = Debug|Any CPU
		{E028BDD2-55E1-4E5F-BE31-35FAEC8D6428}.Debug|Any CPU.ActiveCfg = Debug|Any CPU
		{E028BDD2-55E1-4E5F-BE31-35FAEC8D6428}.Debug|Any CPU.Build.0 = Debug|Any CPU
		{E028BDD2-55E1-4E5F-BE31-35FAEC8D6428}.Debug|Mixed Platforms.ActiveCfg = Debug|Any CPU
		{E028BDD2-55E1-4E5F-BE31-35FAEC8D6428}.Debug|Mixed Platforms.Build.0 = Debug|Any CPU
		{E028BDD2-55E1-4E5F-BE31-35FAEC8D6428}.Release|.NET.ActiveCfg = Release|Any CPU
		{E028BDD2-55E1-4E5F-BE31-35FAEC8D6428}.Release|Any CPU.ActiveCfg = Release|Any CPU
		{E028BDD2-55E1-4E5F-BE31-35FAEC8D6428}.Release|Any CPU.Build.0 = Release|Any CPU
		{E028BDD2-55E1-4E5F-BE31-35FAEC8D6428}.Release|Mixed Platforms.ActiveCfg = Release|Any CPU
		{E028BDD2-55E1-4E5F-BE31-35FAEC8D6428}.Release|Mixed Platforms.Build.0 = Release|Any CPU
		{67E8C952-1F48-4DFB-9507-BD44DB6784FD}.Debug|.NET.ActiveCfg = Debug|Any CPU
		{67E8C952-1F48-4DFB-9507-BD44DB6784FD}.Debug|Any CPU.ActiveCfg = Debug|Any CPU
		{67E8C952-1F48-4DFB-9507-BD44DB6784FD}.Debug|Any CPU.Build.0 = Debug|Any CPU
		{67E8C952-1F48-4DFB-9507-BD44DB6784FD}.Debug|Mixed Platforms.ActiveCfg = Debug|Any CPU
		{67E8C952-1F48-4DFB-9507-BD44DB6784FD}.Debug|Mixed Platforms.Build.0 = Debug|Any CPU
		{67E8C952-1F48-4DFB-9507-BD44DB6784FD}.Release|.NET.ActiveCfg = Release|Any CPU
		{67E8C952-1F48-4DFB-9507-BD44DB6784FD}.Release|Any CPU.ActiveCfg = Release|Any CPU
		{67E8C952-1F48-4DFB-9507-BD44DB6784FD}.Release|Any CPU.Build.0 = Release|Any CPU
		{67E8C952-1F48-4DFB-9507-BD44DB6784FD}.Release|Mixed Platforms.ActiveCfg = Release|Any CPU
		{67E8C952-1F48-4DFB-9507-BD44DB6784FD}.Release|Mixed Platforms.Build.0 = Release|Any CPU
	EndGlobalSection
	GlobalSection(SolutionProperties) = preSolution
		HideSolutionNode = FALSE
	EndGlobalSection
	GlobalSection(ExtensibilityGlobals) = postSolution
		SolutionGuid = {22925D0E-B7A9-4300-A63B-271B415EB162}
	EndGlobalSection
EndGlobal
